
Microsoft Visual Studio Solution File, Format Version 12.00
# Visual Studio Version 16
VisualStudioVersion = 16.0.33130.400
MinimumVisualStudioVersion = 10.0.40219.1
Project("{FAE04EC0-301F-11D3-BF4B-00C04F79EFBC}") = "mission06_nathanck", "mission06_nathanck\mission06_nathanck.csproj", "{EBFE41C7-CAB0-4735-B60E-50E44BAE3004}"
EndProject
Global
	GlobalSection(SolutionConfigurationPlatforms) = preSolution
		Debug|Any CPU = Debug|Any CPU
		Release|Any CPU = Release|Any CPU
	EndGlobalSection
	GlobalSection(ProjectConfigurationPlatforms) = postSolution
		{EBFE41C7-CAB0-4735-B60E-50E44BAE3004}.Debug|Any CPU.ActiveCfg = Debug|Any CPU
		{EBFE41C7-CAB0-4735-B60E-50E44BAE3004}.Debug|Any CPU.Build.0 = Debug|Any CPU
		{EBFE41C7-CAB0-4735-B60E-50E44BAE3004}.Release|Any CPU.ActiveCfg = Release|Any CPU
		{EBFE41C7-CAB0-4735-B60E-50E44BAE3004}.Release|Any CPU.Build.0 = Release|Any CPU
	EndGlobalSection
	GlobalSection(SolutionProperties) = preSolution
		HideSolutionNode = FALSE
	EndGlobalSection
	GlobalSection(ExtensibilityGlobals) = postSolution
		SolutionGuid = {63ACEF4D-2F10-4D8D-89DC-D15EFB78F019}
	EndGlobalSection
EndGlobal
